{
  "version": "1.0",
  "packages": {
    "qemu@latest": {
      "name": "qemu",
      "version": "latest",
      "resolved": ""
    },
    "zig@0.15.1": {
      "name": "zig",
      "version": "0.15.1",
      "resolved": ""
    },
    "grub@latest": {
      "name": "grub",
      "version": "latest",
      "resolved": ""
    },
    "xorriso@latest": {
      "name": "xorriso",
      "version": "latest",
      "resolved": ""
    }
  }
}
