{
  "version": "1.0",
  "packages": {
    "gnome.org/libxml2@2.13.9": {
      "name": "gnome.org/libxml2",
      "version": "2.13.9",
      "resolved": "registry:gnome.org/libxml2@2.13.9"
    },
    "gnu.org/libtasn1@4.21.0": {
      "name": "gnu.org/libtasn1",
      "version": "4.21.0",
      "resolved": "registry:gnu.org/libtasn1@4.21.0"
    },
    "qemu.org@10.2.2": {
      "name": "qemu.org",
      "version": "10.2.2",
      "resolved": "registry:qemu.org@10.2.2"
    },
    "sourceware.org/libffi@3.8.0": {
      "name": "sourceware.org/libffi",
      "version": "3.8.0",
      "resolved": "registry:sourceware.org/libffi@3.8.0"
    },
    "tcl-lang.org@8.6.16": {
      "name": "tcl-lang.org",
      "version": "8.6.16",
      "resolved": "registry:tcl-lang.org@8.6.16"
    },
    "x.org/xcb@1.17.0": {
      "name": "x.org/xcb",
      "version": "1.17.0",
      "resolved": "registry:x.org/xcb@1.17.0"
    },
    "zlib.net@1.3.2": {
      "name": "zlib.net",
      "version": "1.3.2",
      "resolved": "registry:zlib.net@1.3.2"
    },
    "freetype.org@2.14.3": {
      "name": "freetype.org",
      "version": "2.14.3",
      "resolved": "registry:freetype.org@2.14.3"
    },
    "freedesktop.org/p11-kit@0.26.2": {
      "name": "freedesktop.org/p11-kit",
      "version": "0.26.2",
      "resolved": "registry:freedesktop.org/p11-kit@0.26.2"
    },
    "tukaani.org/xz@5.8.2": {
      "name": "tukaani.org/xz",
      "version": "5.8.2",
      "resolved": "registry:tukaani.org/xz@5.8.2"
    },
    "bytereef.org/mpdecimal@2.5.1": {
      "name": "bytereef.org/mpdecimal",
      "version": "2.5.1",
      "resolved": "registry:bytereef.org/mpdecimal@2.5.1"
    },
    "x.org/protocol@2025.1.0": {
      "name": "x.org/protocol",
      "version": "2025.1.0",
      "resolved": "registry:x.org/protocol@2025.1.0"
    },
    "unbound.net@1.26.0": {
      "name": "unbound.net",
      "version": "1.26.0",
      "resolved": "registry:unbound.net@1.26.0"
    },
    "gnu.org/readline@8.3.0": {
      "name": "gnu.org/readline",
      "version": "8.3.0",
      "resolved": "registry:gnu.org/readline@8.3.0"
    },
    "x.org/util-macros@1.20.2": {
      "name": "x.org/util-macros",
      "version": "1.20.2",
      "resolved": "registry:x.org/util-macros@1.20.2"
    },
    "x.org/xdmcp@1.1.5": {
      "name": "x.org/xdmcp",
      "version": "1.1.5",
      "resolved": "registry:x.org/xdmcp@1.1.5"
    },
    "python.org@3.14.6": {
      "name": "python.org",
      "version": "3.14.6",
      "resolved": "registry:python.org@3.14.6"
    },
    "gnu.org/libidn2@2.3.8": {
      "name": "gnu.org/libidn2",
      "version": "2.3.8",
      "resolved": "registry:gnu.org/libidn2@2.3.8"
    },
    "gnome.org/glib@2.88.0": {
      "name": "gnome.org/glib",
      "version": "2.88.0",
      "resolved": "registry:gnome.org/glib@2.88.0"
    },
    "lz4.org@1.10.0": {
      "name": "lz4.org",
      "version": "1.10.0",
      "resolved": "registry:lz4.org@1.10.0"
    },
    "sqlite.org@3.53.4": {
      "name": "sqlite.org",
      "version": "3.53.4",
      "resolved": "registry:sqlite.org@3.53.4"
    },
    "pixman.org@0.40.0": {
      "name": "pixman.org",
      "version": "0.40.0",
      "resolved": "registry:pixman.org@0.40.0"
    },
    "pcre.org@8.45.0": {
      "name": "pcre.org",
      "version": "8.45.0",
      "resolved": "registry:pcre.org@8.45.0"
    },
    "invisible-island.net/ncurses@6.6.0": {
      "name": "invisible-island.net/ncurses",
      "version": "6.6.0",
      "resolved": "registry:invisible-island.net/ncurses@6.6.0"
    },
    "gnu.org/libunistring@1.4.2": {
      "name": "gnu.org/libunistring",
      "version": "1.4.2",
      "resolved": "registry:gnu.org/libunistring@1.4.2"
    },
    "openssl.org@1.1.1w": {
      "name": "openssl.org",
      "version": "1.1.1w",
      "resolved": "registry:openssl.org@1.1.1w"
    },
    "x.org/exts@1.3.7": {
      "name": "x.org/exts",
      "version": "1.3.7",
      "resolved": "registry:x.org/exts@1.3.7"
    },
    "capstone-engine.org@4.0.2": {
      "name": "capstone-engine.org",
      "version": "4.0.2",
      "resolved": "registry:capstone-engine.org@4.0.2"
    },
    "facebook.com/zstd@1.5.7": {
      "name": "facebook.com/zstd",
      "version": "1.5.7",
      "resolved": "registry:facebook.com/zstd@1.5.7"
    },
    "curl.se/ca-certs@2026.3.19": {
      "name": "curl.se/ca-certs",
      "version": "2026.3.19",
      "resolved": "registry:curl.se/ca-certs@2026.3.19"
    },
    "gnutls.org@3.8.12": {
      "name": "gnutls.org",
      "version": "3.8.12",
      "resolved": "registry:gnutls.org@3.8.12"
    },
    "freedesktop.org/pkg-config@0.29.2": {
      "name": "freedesktop.org/pkg-config",
      "version": "0.29.2",
      "resolved": "registry:freedesktop.org/pkg-config@0.29.2"
    },
    "pcre.org/v2@10.47.0": {
      "name": "pcre.org/v2",
      "version": "10.47.0",
      "resolved": "registry:pcre.org/v2@10.47.0"
    },
    "x.org/x11@1.8.11": {
      "name": "x.org/x11",
      "version": "1.8.11",
      "resolved": "registry:x.org/x11@1.8.11"
    },
    "virtualsquare.org/vde@2.3.3": {
      "name": "virtualsquare.org/vde",
      "version": "2.3.3",
      "resolved": "registry:virtualsquare.org/vde@2.3.3"
    },
    "sourceware.org/bzip2@1.0.8": {
      "name": "sourceware.org/bzip2",
      "version": "1.0.8",
      "resolved": "registry:sourceware.org/bzip2@1.0.8"
    },
    "libexpat.github.io@2.7.5": {
      "name": "libexpat.github.io",
      "version": "2.7.5",
      "resolved": "registry:libexpat.github.io@2.7.5"
    },
    "libpng.org@1.6.55": {
      "name": "libpng.org",
      "version": "1.6.55",
      "resolved": "registry:libpng.org@1.6.55"
    },
    "gnu.org/gmp@6.3.0": {
      "name": "gnu.org/gmp",
      "version": "6.3.0",
      "resolved": "registry:gnu.org/gmp@6.3.0"
    },
    "gnu.org/libiconv@1.19.0": {
      "name": "gnu.org/libiconv",
      "version": "1.19.0",
      "resolved": "registry:gnu.org/libiconv@1.19.0"
    },
    "gnu.org/gettext@0.21.1": {
      "name": "gnu.org/gettext",
      "version": "0.21.1",
      "resolved": "registry:gnu.org/gettext@0.21.1"
    },
    "gnu.org/nettle@3.10.2": {
      "name": "gnu.org/nettle",
      "version": "3.10.2",
      "resolved": "registry:gnu.org/nettle@3.10.2"
    },
    "libssh.org@0.12.0": {
      "name": "libssh.org",
      "version": "0.12.0",
      "resolved": "registry:libssh.org@0.12.0"
    },
    "x.org/xau@1.0.12": {
      "name": "x.org/xau",
      "version": "1.0.12",
      "resolved": "registry:x.org/xau@1.0.12"
    },
    "freedesktop.org/slirp@4.9.1": {
      "name": "freedesktop.org/slirp",
      "version": "4.9.1",
      "resolved": "registry:freedesktop.org/slirp@4.9.1"
    }
  }
}
