{
  "version": "1.0.0",
  "lockfileVersion": 1,
  "generatedAt": "1761684862",
  "packages": {
    "qemu@latest": {
      "name": "qemu",
      "version": "latest",
      "source": "local",
      "url": "latest"
    },
    "zig@0.15.1": {
      "name": "zig",
      "version": "0.15.1",
      "source": "local",
      "url": "0.15.1"
    },
    "grub@latest": {
      "name": "grub",
      "version": "latest",
      "source": "local",
      "url": "latest"
    },
    "xorriso@latest": {
      "name": "xorriso",
      "version": "latest",
      "source": "local",
      "url": "latest"
    }
  }
}
